{
  "object": {
    "pins": [
      {
        "package": "ContourTracer",
        "repositoryURL": "https://github.com/bdeweygit/contour-tracer-swift.git",
        "state": {
          "branch": "master",
          "revision": "10b593216f04ef1a2303d282367353843565ceac",
          "version": null
        }
      }
    ]
  },
  "version": 1
}
