{
  "object": {
    "pins": [
      {
        "package": "ContourTracer",
        "repositoryURL": "https://github.com/bdeweygit/contour-tracer-swift.git",
        "state": {
          "branch": "master",
          "revision": "daaed4c2ee24f203fa96c477aa9287c1cfbcd2e8",
          "version": null
        }
      }
    ]
  },
  "version": 1
}
